// !$*UTF8*$!
{
	archiveVersion = 1;
	classes = {
	};
	objectVersion = 56;
	objects = {

/* Begin PBXBuildFile section */
		B900064C2ACC9CE3007EDB24 /* AppDelegate.swift in Sources */ = {isa = PBXBuildFile; fileRef = B900064B2ACC9CE3007EDB24 /* AppDelegate.swift */; };
		B900064E2ACC9CE3007EDB24 /* SceneDelegate.swift in Sources */ = {isa = PBXBuildFile; fileRef = B900064D2ACC9CE3007EDB24 /* SceneDelegate.swift */; };
		B90006552ACC9CE5007EDB24 /* Assets.xcassets in Resources */ = {isa = PBXBuildFile; fileRef = B90006542ACC9CE5007EDB24 /* Assets.xcassets */; };
		B90006582ACC9CE5007EDB24 /* LaunchScreen.storyboard in Resources */ = {isa = PBXBuildFile; fileRef = B90006562ACC9CE5007EDB24 /* LaunchScreen.storyboard */; };
		B90006632ACC9CE5007EDB24 /* panikulshinPW2Tests.swift in Sources */ = {isa = PBXBuildFile; fileRef = B90006622ACC9CE5007EDB24 /* panikulshinPW2Tests.swift */; };
		B900066D2ACC9CE5007EDB24 /* panikulshinPW2UITests.swift in Sources */ = {isa = PBXBuildFile; fileRef = B900066C2ACC9CE5007EDB24 /* panikulshinPW2UITests.swift */; };
		B900066F2ACC9CE5007EDB24 /* panikulshinPW2UITestsLaunchTests.swift in Sources */ = {isa = PBXBuildFile; fileRef = B900066E2ACC9CE5007EDB24 /* panikulshinPW2UITestsLaunchTests.swift */; };
		B900067C2ACCA18C007EDB24 /* WishMakerViewController.swift in Sources */ = {isa = PBXBuildFile; fileRef = B900067B2ACCA18C007EDB24 /* WishMakerViewController.swift */; };
		B900067F2ACCAA28007EDB24 /* CustomSlider.swift in Sources */ = {isa = PBXBuildFile; fileRef = B900067E2ACCAA28007EDB24 /* CustomSlider.swift */; };
		B95306F02ACF77400028953C /* CustomButton.swift in Sources */ = {isa = PBXBuildFile; fileRef = B95306EF2ACF77400028953C /* CustomButton.swift */; };
		B9C86E3E2B72F00F00643ABC /* WishCalendarViewController.swift in Sources */ = {isa = PBXBuildFile; fileRef = B9C86E3D2B72F00F00643ABC /* WishCalendarViewController.swift */; };
		B9C86E402B72F5B800643ABC /* WishEventCell.swift in Sources */ = {isa = PBXBuildFile; fileRef = B9C86E3F2B72F5B800643ABC /* WishEventCell.swift */; };
		B9C86E432B72F72800643ABC /* WishEventModel.swift in Sources */ = {isa = PBXBuildFile; fileRef = B9C86E422B72F72800643ABC /* WishEventModel.swift */; };
		B9C86E452B7300C900643ABC /* WishEventCreationView.swift in Sources */ = {isa = PBXBuildFile; fileRef = B9C86E442B7300C900643ABC /* WishEventCreationView.swift */; };
		B9C86E492B73180F00643ABC /* CalendarEventManager.swift in Sources */ = {isa = PBXBuildFile; fileRef = B9C86E482B73180F00643ABC /* CalendarEventManager.swift */; };
		B9F958B32AFED01900ACC26F /* Pin.swift in Sources */ = {isa = PBXBuildFile; fileRef = B9F958B22AFED01900ACC26F /* Pin.swift */; };
		B9F958B52AFED5F300ACC26F /* WishStoringViewController.swift in Sources */ = {isa = PBXBuildFile; fileRef = B9F958B42AFED5F300ACC26F /* WishStoringViewController.swift */; };
		B9F958B72AFEDC8500ACC26F /* WrittenWishCell.swift in Sources */ = {isa = PBXBuildFile; fileRef = B9F958B62AFEDC8500ACC26F /* WrittenWishCell.swift */; };
		B9F958B92AFEE2DD00ACC26F /* AddWishCell.swift in Sources */ = {isa = PBXBuildFile; fileRef = B9F958B82AFEE2DD00ACC26F /* AddWishCell.swift */; };
/* End PBXBuildFile section */

/* Begin PBXContainerItemProxy section */
		B900065F2ACC9CE5007EDB24 /* PBXContainerItemProxy */ = {
			isa = PBXContainerItemProxy;
			containerPortal = B90006402ACC9CE3007EDB24 /* Project object */;
			proxyType = 1;
			remoteGlobalIDString = B90006472ACC9CE3007EDB24;
			remoteInfo = panikulshinPW2;
		};
		B90006692ACC9CE5007EDB24 /* PBXContainerItemProxy */ = {
			isa = PBXContainerItemProxy;
			containerPortal = B90006402ACC9CE3007EDB24 /* Project object */;
			proxyType = 1;
			remoteGlobalIDString = B90006472ACC9CE3007EDB24;
			remoteInfo = panikulshinPW2;
		};
/* End PBXContainerItemProxy section */

/* Begin PBXFileReference section */
		B90006482ACC9CE3007EDB24 /* panikulshinPW2.app */ = {isa = PBXFileReference; explicitFileType = wrapper.application; includeInIndex = 0; path = panikulshinPW2.app; sourceTree = BUILT_PRODUCTS_DIR; };
		B900064B2ACC9CE3007EDB24 /* AppDelegate.swift */ = {isa = PBXFileReference; lastKnownFileType = sourcecode.swift; path = AppDelegate.swift; sourceTree = "<group>"; };
		B900064D2ACC9CE3007EDB24 /* SceneDelegate.swift */ = {isa = PBXFileReference; lastKnownFileType = sourcecode.swift; path = SceneDelegate.swift; sourceTree = "<group>"; };
		B90006542ACC9CE5007EDB24 /* Assets.xcassets */ = {isa = PBXFileReference; lastKnownFileType = folder.assetcatalog; path = Assets.xcassets; sourceTree = "<group>"; };
		B90006572ACC9CE5007EDB24 /* Base */ = {isa = PBXFileReference; lastKnownFileType = file.storyboard; name = Base; path = Base.lproj/LaunchScreen.storyboard; sourceTree = "<group>"; };
		B90006592ACC9CE5007EDB24 /* Info.plist */ = {isa = PBXFileReference; lastKnownFileType = text.plist.xml; path = Info.plist; sourceTree = "<group>"; };
		B900065E2ACC9CE5007EDB24 /* panikulshinPW2Tests.xctest */ = {isa = PBXFileReference; explicitFileType = wrapper.cfbundle; includeInIndex = 0; path = panikulshinPW2Tests.xctest; sourceTree = BUILT_PRODUCTS_DIR; };
		B90006622ACC9CE5007EDB24 /* panikulshinPW2Tests.swift */ = {isa = PBXFileReference; lastKnownFileType = sourcecode.swift; path = panikulshinPW2Tests.swift; sourceTree = "<group>"; };
		B90006682ACC9CE5007EDB24 /* panikulshinPW2UITests.xctest */ = {isa = PBXFileReference; explicitFileType = wrapper.cfbundle; includeInIndex = 0; path = panikulshinPW2UITests.xctest; sourceTree = BUILT_PRODUCTS_DIR; };
		B900066C2ACC9CE5007EDB24 /* panikulshinPW2UITests.swift */ = {isa = PBXFileReference; lastKnownFileType = sourcecode.swift; path = panikulshinPW2UITests.swift; sourceTree = "<group>"; };
		B900066E2ACC9CE5007EDB24 /* panikulshinPW2UITestsLaunchTests.swift */ = {isa = PBXFileReference; lastKnownFileType = sourcecode.swift; path = panikulshinPW2UITestsLaunchTests.swift; sourceTree = "<group>"; };
		B900067B2ACCA18C007EDB24 /* WishMakerViewController.swift */ = {isa = PBXFileReference; lastKnownFileType = sourcecode.swift; path = WishMakerViewController.swift; sourceTree = "<group>"; };
		B900067E2ACCAA28007EDB24 /* CustomSlider.swift */ = {isa = PBXFileReference; lastKnownFileType = sourcecode.swift; path = CustomSlider.swift; sourceTree = "<group>"; };
		B95306EF2ACF77400028953C /* CustomButton.swift */ = {isa = PBXFileReference; lastKnownFileType = sourcecode.swift; path = CustomButton.swift; sourceTree = "<group>"; };
		B9C86E3D2B72F00F00643ABC /* WishCalendarViewController.swift */ = {isa = PBXFileReference; lastKnownFileType = sourcecode.swift; path = WishCalendarViewController.swift; sourceTree = "<group>"; };
		B9C86E3F2B72F5B800643ABC /* WishEventCell.swift */ = {isa = PBXFileReference; lastKnownFileType = sourcecode.swift; path = WishEventCell.swift; sourceTree = "<group>"; };
		B9C86E422B72F72800643ABC /* WishEventModel.swift */ = {isa = PBXFileReference; lastKnownFileType = sourcecode.swift; path = WishEventModel.swift; sourceTree = "<group>"; };
		B9C86E442B7300C900643ABC /* WishEventCreationView.swift */ = {isa = PBXFileReference; lastKnownFileType = sourcecode.swift; path = WishEventCreationView.swift; sourceTree = "<group>"; };
		B9C86E482B73180F00643ABC /* CalendarEventManager.swift */ = {isa = PBXFileReference; lastKnownFileType = sourcecode.swift; path = CalendarEventManager.swift; sourceTree = "<group>"; };
		B9F958B22AFED01900ACC26F /* Pin.swift */ = {isa = PBXFileReference; lastKnownFileType = sourcecode.swift; path = Pin.swift; sourceTree = "<group>"; };
		B9F958B42AFED5F300ACC26F /* WishStoringViewController.swift */ = {isa = PBXFileReference; lastKnownFileType = sourcecode.swift; path = WishStoringViewController.swift; sourceTree = "<group>"; };
		B9F958B62AFEDC8500ACC26F /* WrittenWishCell.swift */ = {isa = PBXFileReference; lastKnownFileType = sourcecode.swift; path = WrittenWishCell.swift; sourceTree = "<group>"; };
		B9F958B82AFEE2DD00ACC26F /* AddWishCell.swift */ = {isa = PBXFileReference; lastKnownFileType = sourcecode.swift; path = AddWishCell.swift; sourceTree = "<group>"; };
/* End PBXFileReference section */

/* Begin PBXFrameworksBuildPhase section */
		B90006452ACC9CE3007EDB24 /* Frameworks */ = {
			isa = PBXFrameworksBuildPhase;
			buildActionMask = 2147483647;
			files = (
			);
			runOnlyForDeploymentPostprocessing = 0;
		};
		B900065B2ACC9CE5007EDB24 /* Frameworks */ = {
			isa = PBXFrameworksBuildPhase;
			buildActionMask = 2147483647;
			files = (
			);
			runOnlyForDeploymentPostprocessing = 0;
		};
		B90006652ACC9CE5007EDB24 /* Frameworks */ = {
			isa = PBXFrameworksBuildPhase;
			buildActionMask = 2147483647;
			files = (
			);
			runOnlyForDeploymentPostprocessing = 0;
		};
/* End PBXFrameworksBuildPhase section */

/* Begin PBXGroup section */
		B900063F2ACC9CE3007EDB24 = {
			isa = PBXGroup;
			children = (
				B900064A2ACC9CE3007EDB24 /* panikulshinPW2 */,
				B90006612ACC9CE5007EDB24 /* panikulshinPW2Tests */,
				B900066B2ACC9CE5007EDB24 /* panikulshinPW2UITests */,
				B90006492ACC9CE3007EDB24 /* Products */,
			);
			sourceTree = "<group>";
		};
		B90006492ACC9CE3007EDB24 /* Products */ = {
			isa = PBXGroup;
			children = (
				B90006482ACC9CE3007EDB24 /* panikulshinPW2.app */,
				B900065E2ACC9CE5007EDB24 /* panikulshinPW2Tests.xctest */,
				B90006682ACC9CE5007EDB24 /* panikulshinPW2UITests.xctest */,
			);
			name = Products;
			sourceTree = "<group>";
		};
		B900064A2ACC9CE3007EDB24 /* panikulshinPW2 */ = {
			isa = PBXGroup;
			children = (
				B900067D2ACCAA10007EDB24 /* UI */,
				B900064B2ACC9CE3007EDB24 /* AppDelegate.swift */,
				B900064D2ACC9CE3007EDB24 /* SceneDelegate.swift */,
				B90006542ACC9CE5007EDB24 /* Assets.xcassets */,
				B90006562ACC9CE5007EDB24 /* LaunchScreen.storyboard */,
				B90006592ACC9CE5007EDB24 /* Info.plist */,
				B900067B2ACCA18C007EDB24 /* WishMakerViewController.swift */,
				B9F958B22AFED01900ACC26F /* Pin.swift */,
				B9C86E3D2B72F00F00643ABC /* WishCalendarViewController.swift */,
				B9C86E422B72F72800643ABC /* WishEventModel.swift */,
				B9C86E482B73180F00643ABC /* CalendarEventManager.swift */,
			);
			path = panikulshinPW2;
			sourceTree = "<group>";
		};
		B90006612ACC9CE5007EDB24 /* panikulshinPW2Tests */ = {
			isa = PBXGroup;
			children = (
				B90006622ACC9CE5007EDB24 /* panikulshinPW2Tests.swift */,
			);
			path = panikulshinPW2Tests;
			sourceTree = "<group>";
		};
		B900066B2ACC9CE5007EDB24 /* panikulshinPW2UITests */ = {
			isa = PBXGroup;
			children = (
				B900066C2ACC9CE5007EDB24 /* panikulshinPW2UITests.swift */,
				B900066E2ACC9CE5007EDB24 /* panikulshinPW2UITestsLaunchTests.swift */,
			);
			path = panikulshinPW2UITests;
			sourceTree = "<group>";
		};
		B900067D2ACCAA10007EDB24 /* UI */ = {
			isa = PBXGroup;
			children = (
				B9C86E412B72F5C000643ABC /* Cell */,
				B900067E2ACCAA28007EDB24 /* CustomSlider.swift */,
				B95306EF2ACF77400028953C /* CustomButton.swift */,
				B9F958B42AFED5F300ACC26F /* WishStoringViewController.swift */,
				B9C86E442B7300C900643ABC /* WishEventCreationView.swift */,
			);
			path = UI;
			sourceTree = "<group>";
		};
		B9C86E412B72F5C000643ABC /* Cell */ = {
			isa = PBXGroup;
			children = (
				B9F958B62AFEDC8500ACC26F /* WrittenWishCell.swift */,
				B9F958B82AFEE2DD00ACC26F /* AddWishCell.swift */,
				B9C86E3F2B72F5B800643ABC /* WishEventCell.swift */,
			);
			path = Cell;
			sourceTree = "<group>";
		};
/* End PBXGroup section */

/* Begin PBXNativeTarget section */
		B90006472ACC9CE3007EDB24 /* panikulshinPW2 */ = {
			isa = PBXNativeTarget;
			buildConfigurationList = B90006722ACC9CE5007EDB24 /* Build configuration list for PBXNativeTarget "panikulshinPW2" */;
			buildPhases = (
				B90006442ACC9CE3007EDB24 /* Sources */,
				B90006452ACC9CE3007EDB24 /* Frameworks */,
				B90006462ACC9CE3007EDB24 /* Resources */,
			);
			buildRules = (
			);
			dependencies = (
			);
			name = panikulshinPW2;
			productName = panikulshinPW2;
			productReference = B90006482ACC9CE3007EDB24 /* panikulshinPW2.app */;
			productType = "com.apple.product-type.application";
		};
		B900065D2ACC9CE5007EDB24 /* panikulshinPW2Tests */ = {
			isa = PBXNativeTarget;
			buildConfigurationList = B90006752ACC9CE5007EDB24 /* Build configuration list for PBXNativeTarget "panikulshinPW2Tests" */;
			buildPhases = (
				B900065A2ACC9CE5007EDB24 /* Sources */,
				B900065B2ACC9CE5007EDB24 /* Frameworks */,
				B900065C2ACC9CE5007EDB24 /* Resources */,
			);
			buildRules = (
			);
			dependencies = (
				B90006602ACC9CE5007EDB24 /* PBXTargetDependency */,
			);
			name = panikulshinPW2Tests;
			productName = panikulshinPW2Tests;
			productReference = B900065E2ACC9CE5007EDB24 /* panikulshinPW2Tests.xctest */;
			productType = "com.apple.product-type.bundle.unit-test";
		};
		B90006672ACC9CE5007EDB24 /* panikulshinPW2UITests */ = {
			isa = PBXNativeTarget;
			buildConfigurationList = B90006782ACC9CE5007EDB24 /* Build configuration list for PBXNativeTarget "panikulshinPW2UITests" */;
			buildPhases = (
				B90006642ACC9CE5007EDB24 /* Sources */,
				B90006652ACC9CE5007EDB24 /* Frameworks */,
				B90006662ACC9CE5007EDB24 /* Resources */,
			);
			buildRules = (
			);
			dependencies = (
				B900066A2ACC9CE5007EDB24 /* PBXTargetDependency */,
			);
			name = panikulshinPW2UITests;
			productName = panikulshinPW2UITests;
			productReference = B90006682ACC9CE5007EDB24 /* panikulshinPW2UITests.xctest */;
			productType = "com.apple.product-type.bundle.ui-testing";
		};
/* End PBXNativeTarget section */

/* Begin PBXProject section */
		B90006402ACC9CE3007EDB24 /* Project object */ = {
			isa = PBXProject;
			attributes = {
				BuildIndependentTargetsInParallel = 1;
				LastSwiftUpdateCheck = 1430;
				LastUpgradeCheck = 1430;
				TargetAttributes = {
					B90006472ACC9CE3007EDB24 = {
						CreatedOnToolsVersion = 14.3.1;
					};
					B900065D2ACC9CE5007EDB24 = {
						CreatedOnToolsVersion = 14.3.1;
						TestTargetID = B90006472ACC9CE3007EDB24;
					};
					B90006672ACC9CE5007EDB24 = {
						CreatedOnToolsVersion = 14.3.1;
						TestTargetID = B90006472ACC9CE3007EDB24;
					};
				};
			};
			buildConfigurationList = B90006432ACC9CE3007EDB24 /* Build configuration list for PBXProject "panikulshinPW2" */;
			compatibilityVersion = "Xcode 14.0";
			developmentRegion = en;
			hasScannedForEncodings = 0;
			knownRegions = (
				en,
				Base,
			);
			mainGroup = B900063F2ACC9CE3007EDB24;
			productRefGroup = B90006492ACC9CE3007EDB24 /* Products */;
			projectDirPath = "";
			projectRoot = "";
			targets = (
				B90006472ACC9CE3007EDB24 /* panikulshinPW2 */,
				B900065D2ACC9CE5007EDB24 /* panikulshinPW2Tests */,
				B90006672ACC9CE5007EDB24 /* panikulshinPW2UITests */,
			);
		};
/* End PBXProject section */

/* Begin PBXResourcesBuildPhase section */
		B90006462ACC9CE3007EDB24 /* Resources */ = {
			isa = PBXResourcesBuildPhase;
			buildActionMask = 2147483647;
			files = (
				B90006582ACC9CE5007EDB24 /* LaunchScreen.storyboard in Resources */,
				B90006552ACC9CE5007EDB24 /* Assets.xcassets in Resources */,
			);
			runOnlyForDeploymentPostprocessing = 0;
		};
		B900065C2ACC9CE5007EDB24 /* Resources */ = {
			isa = PBXResourcesBuildPhase;
			buildActionMask = 2147483647;
			files = (
			);
			runOnlyForDeploymentPostprocessing = 0;
		};
		B90006662ACC9CE5007EDB24 /* Resources */ = {
			isa = PBXResourcesBuildPhase;
			buildActionMask = 2147483647;
			files = (
			);
			runOnlyForDeploymentPostprocessing = 0;
		};
/* End PBXResourcesBuildPhase section */

/* Begin PBXSourcesBuildPhase section */
		B90006442ACC9CE3007EDB24 /* Sources */ = {
			isa = PBXSourcesBuildPhase;
			buildActionMask = 2147483647;
			files = (
				B9F958B72AFEDC8500ACC26F /* WrittenWishCell.swift in Sources */,
				B9C86E452B7300C900643ABC /* WishEventCreationView.swift in Sources */,
				B900064C2ACC9CE3007EDB24 /* AppDelegate.swift in Sources */,
				B9C86E3E2B72F00F00643ABC /* WishCalendarViewController.swift in Sources */,
				B9C86E402B72F5B800643ABC /* WishEventCell.swift in Sources */,
				B900064E2ACC9CE3007EDB24 /* SceneDelegate.swift in Sources */,
				B900067C2ACCA18C007EDB24 /* WishMakerViewController.swift in Sources */,
				B9F958B32AFED01900ACC26F /* Pin.swift in Sources */,
				B900067F2ACCAA28007EDB24 /* CustomSlider.swift in Sources */,
				B9F958B52AFED5F300ACC26F /* WishStoringViewController.swift in Sources */,
				B9C86E432B72F72800643ABC /* WishEventModel.swift in Sources */,
				B95306F02ACF77400028953C /* CustomButton.swift in Sources */,
				B9C86E492B73180F00643ABC /* CalendarEventManager.swift in Sources */,
				B9F958B92AFEE2DD00ACC26F /* AddWishCell.swift in Sources */,
			);
			runOnlyForDeploymentPostprocessing = 0;
		};
		B900065A2ACC9CE5007EDB24 /* Sources */ = {
			isa = PBXSourcesBuildPhase;
			buildActionMask = 2147483647;
			files = (
				B90006632ACC9CE5007EDB24 /* panikulshinPW2Tests.swift in Sources */,
			);
			runOnlyForDeploymentPostprocessing = 0;
		};
		B90006642ACC9CE5007EDB24 /* Sources */ = {
			isa = PBXSourcesBuildPhase;
			buildActionMask = 2147483647;
			files = (
				B900066D2ACC9CE5007EDB24 /* panikulshinPW2UITests.swift in Sources */,
				B900066F2ACC9CE5007EDB24 /* panikulshinPW2UITestsLaunchTests.swift in Sources */,
			);
			runOnlyForDeploymentPostprocessing = 0;
		};
/* End PBXSourcesBuildPhase section */

/* Begin PBXTargetDependency section */
		B90006602ACC9CE5007EDB24 /* PBXTargetDependency */ = {
			isa = PBXTargetDependency;
			target = B90006472ACC9CE3007EDB24 /* panikulshinPW2 */;
			targetProxy = B900065F2ACC9CE5007EDB24 /* PBXContainerItemProxy */;
		};
		B900066A2ACC9CE5007EDB24 /* PBXTargetDependency */ = {
			isa = PBXTargetDependency;
			target = B90006472ACC9CE3007EDB24 /* panikulshinPW2 */;
			targetProxy = B90006692ACC9CE5007EDB24 /* PBXContainerItemProxy */;
		};
/* End PBXTargetDependency section */

/* Begin PBXVariantGroup section */
		B90006562ACC9CE5007EDB24 /* LaunchScreen.storyboard */ = {
			isa = PBXVariantGroup;
			children = (
				B90006572ACC9CE5007EDB24 /* Base */,
			);
			name = LaunchScreen.storyboard;
			sourceTree = "<group>";
		};
/* End PBXVariantGroup section */

/* Begin XCBuildConfiguration section */
		B90006702ACC9CE5007EDB24 /* Debug */ = {
			isa = XCBuildConfiguration;
			buildSettings = {
				ALWAYS_SEARCH_USER_PATHS = NO;
				CLANG_ANALYZER_NONNULL = YES;
				CLANG_ANALYZER_NUMBER_OBJECT_CONVERSION = YES_AGGRESSIVE;
				CLANG_CXX_LANGUAGE_STANDARD = "gnu++20";
				CLANG_ENABLE_MODULES = YES;
				CLANG_ENABLE_OBJC_ARC = YES;
				CLANG_ENABLE_OBJC_WEAK = YES;
				CLANG_WARN_BLOCK_CAPTURE_AUTORELEASING = YES;
				CLANG_WARN_BOOL_CONVERSION = YES;
				CLANG_WARN_COMMA = YES;
				CLANG_WARN_CONSTANT_CONVERSION = YES;
				CLANG_WARN_DEPRECATED_OBJC_IMPLEMENTATIONS = YES;
				CLANG_WARN_DIRECT_OBJC_ISA_USAGE = YES_ERROR;
				CLANG_WARN_DOCUMENTATION_COMMENTS = YES;
				CLANG_WARN_EMPTY_BODY = YES;
				CLANG_WARN_ENUM_CONVERSION = YES;
				CLANG_WARN_INFINITE_RECURSION = YES;
				CLANG_WARN_INT_CONVERSION = YES;
				CLANG_WARN_NON_LITERAL_NULL_CONVERSION = YES;
				CLANG_WARN_OBJC_IMPLICIT_RETAIN_SELF = YES;
				CLANG_WARN_OBJC_LITERAL_CONVERSION = YES;
				CLANG_WARN_OBJC_ROOT_CLASS = YES_ERROR;
				CLANG_WARN_QUOTED_INCLUDE_IN_FRAMEWORK_HEADER = YES;
				CLANG_WARN_RANGE_LOOP_ANALYSIS = YES;
				CLANG_WARN_STRICT_PROTOTYPES = YES;
				CLANG_WARN_SUSPICIOUS_MOVE = YES;
				CLANG_WARN_UNGUARDED_AVAILABILITY = YES_AGGRESSIVE;
				CLANG_WARN_UNREACHABLE_CODE = YES;
				CLANG_WARN__DUPLICATE_METHOD_MATCH = YES;
				COPY_PHASE_STRIP = NO;
				DEBUG_INFORMATION_FORMAT = dwarf;
				ENABLE_STRICT_OBJC_MSGSEND = YES;
				ENABLE_TESTABILITY = YES;
				GCC_C_LANGUAGE_STANDARD = gnu11;
				GCC_DYNAMIC_NO_PIC = NO;
				GCC_NO_COMMON_BLOCKS = YES;
				GCC_OPTIMIZATION_LEVEL = 0;
				GCC_PREPROCESSOR_DEFINITIONS = (
					"DEBUG=1",
					"$(inherited)",
				);
				GCC_WARN_64_TO_32_BIT_CONVERSION = YES;
				GCC_WARN_ABOUT_RETURN_TYPE = YES_ERROR;
				GCC_WARN_UNDECLARED_SELECTOR = YES;
				GCC_WARN_UNINITIALIZED_AUTOS = YES_AGGRESSIVE;
				GCC_WARN_UNUSED_FUNCTION = YES;
				GCC_WARN_UNUSED_VARIABLE = YES;
				IPHONEOS_DEPLOYMENT_TARGET = 16.4;
				MTL_ENABLE_DEBUG_INFO = INCLUDE_SOURCE;
				MTL_FAST_MATH = YES;
				ONLY_ACTIVE_ARCH = YES;
				SDKROOT = iphoneos;
				SWIFT_ACTIVE_COMPILATION_CONDITIONS = DEBUG;
				SWIFT_OPTIMIZATION_LEVEL = "-Onone";
			};
			name = Debug;
		};
		B90006712ACC9CE5007EDB24 /* Release */ = {
			isa = XCBuildConfiguration;
			buildSettings = {
				ALWAYS_SEARCH_USER_PATHS = NO;
				CLANG_ANALYZER_NONNULL = YES;
				CLANG_ANALYZER_NUMBER_OBJECT_CONVERSION = YES_AGGRESSIVE;
				CLANG_CXX_LANGUAGE_STANDARD = "gnu++20";
				CLANG_ENABLE_MODULES = YES;
				CLANG_ENABLE_OBJC_ARC = YES;
				CLANG_ENABLE_OBJC_WEAK = YES;
				CLANG_WARN_BLOCK_CAPTURE_AUTORELEASING = YES;
				CLANG_WARN_BOOL_CONVERSION = YES;
				CLANG_WARN_COMMA = YES;
				CLANG_WARN_CONSTANT_CONVERSION = YES;
				CLANG_WARN_DEPRECATED_OBJC_IMPLEMENTATIONS = YES;
				CLANG_WARN_DIRECT_OBJC_ISA_USAGE = YES_ERROR;
				CLANG_WARN_DOCUMENTATION_COMMENTS = YES;
				CLANG_WARN_EMPTY_BODY = YES;
				CLANG_WARN_ENUM_CONVERSION = YES;
				CLANG_WARN_INFINITE_RECURSION = YES;
				CLANG_WARN_INT_CONVERSION = YES;
				CLANG_WARN_NON_LITERAL_NULL_CONVERSION = YES;
				CLANG_WARN_OBJC_IMPLICIT_RETAIN_SELF = YES;
				CLANG_WARN_OBJC_LITERAL_CONVERSION = YES;
				CLANG_WARN_OBJC_ROOT_CLASS = YES_ERROR;
				CLANG_WARN_QUOTED_INCLUDE_IN_FRAMEWORK_HEADER = YES;
				CLANG_WARN_RANGE_LOOP_ANALYSIS = YES;
				CLANG_WARN_STRICT_PROTOTYPES = YES;
				CLANG_WARN_SUSPICIOUS_MOVE = YES;
				CLANG_WARN_UNGUARDED_AVAILABILITY = YES_AGGRESSIVE;
				CLANG_WARN_UNREACHABLE_CODE = YES;
				CLANG_WARN__DUPLICATE_METHOD_MATCH = YES;
				COPY_PHASE_STRIP = NO;
				DEBUG_INFORMATION_FORMAT = "dwarf-with-dsym";
				ENABLE_NS_ASSERTIONS = NO;
				ENABLE_STRICT_OBJC_MSGSEND = YES;
				GCC_C_LANGUAGE_STANDARD = gnu11;
				GCC_NO_COMMON_BLOCKS = YES;
				GCC_WARN_64_TO_32_BIT_CONVERSION = YES;
				GCC_WARN_ABOUT_RETURN_TYPE = YES_ERROR;
				GCC_WARN_UNDECLARED_SELECTOR = YES;
				GCC_WARN_UNINITIALIZED_AUTOS = YES_AGGRESSIVE;
				GCC_WARN_UNUSED_FUNCTION = YES;
				GCC_WARN_UNUSED_VARIABLE = YES;
				IPHONEOS_DEPLOYMENT_TARGET = 16.4;
				MTL_ENABLE_DEBUG_INFO = NO;
				MTL_FAST_MATH = YES;
				SDKROOT = iphoneos;
				SWIFT_COMPILATION_MODE = wholemodule;
				SWIFT_OPTIMIZATION_LEVEL = "-O";
				VALIDATE_PRODUCT = YES;
			};
			name = Release;
		};
		B90006732ACC9CE5007EDB24 /* Debug */ = {
			isa = XCBuildConfiguration;
			buildSettings = {
				ASSETCATALOG_COMPILER_APPICON_NAME = AppIcon;
				ASSETCATALOG_COMPILER_GLOBAL_ACCENT_COLOR_NAME = AccentColor;
				CODE_SIGN_STYLE = Automatic;
				CURRENT_PROJECT_VERSION = 1;
				GENERATE_INFOPLIST_FILE = YES;
				INFOPLIST_FILE = panikulshinPW2/Info.plist;
				INFOPLIST_KEY_UIApplicationSupportsIndirectInputEvents = YES;
				INFOPLIST_KEY_UILaunchStoryboardName = LaunchScreen;
				INFOPLIST_KEY_UISupportedInterfaceOrientations_iPad = "UIInterfaceOrientationPortrait UIInterfaceOrientationPortraitUpsideDown UIInterfaceOrientationLandscapeLeft UIInterfaceOrientationLandscapeRight";
				INFOPLIST_KEY_UISupportedInterfaceOrientations_iPhone = "UIInterfaceOrientationPortrait UIInterfaceOrientationLandscapeLeft UIInterfaceOrientationLandscapeRight";
				IPHONEOS_DEPLOYMENT_TARGET = 13.0;
				LD_RUNPATH_SEARCH_PATHS = (
					"$(inherited)",
					"@executable_path/Frameworks",
				);
				MARKETING_VERSION = 1.0;
				PRODUCT_BUNDLE_IDENTIFIER = aksum.panikulshinPW2;
				PRODUCT_NAME = "$(TARGET_NAME)";
				SWIFT_EMIT_LOC_STRINGS = YES;
				SWIFT_VERSION = 5.0;
				TARGETED_DEVICE_FAMILY = "1,2";
			};
			name = Debug;
		};
		B90006742ACC9CE5007EDB24 /* Release */ = {
			isa = XCBuildConfiguration;
			buildSettings = {
				ASSETCATALOG_COMPILER_APPICON_NAME = AppIcon;
				ASSETCATALOG_COMPILER_GLOBAL_ACCENT_COLOR_NAME = AccentColor;
				CODE_SIGN_STYLE = Automatic;
				CURRENT_PROJECT_VERSION = 1;
				GENERATE_INFOPLIST_FILE = YES;
				INFOPLIST_FILE = panikulshinPW2/Info.plist;
				INFOPLIST_KEY_UIApplicationSupportsIndirectInputEvents = YES;
				INFOPLIST_KEY_UILaunchStoryboardName = LaunchScreen;
				INFOPLIST_KEY_UISupportedInterfaceOrientations_iPad = "UIInterfaceOrientationPortrait UIInterfaceOrientationPortraitUpsideDown UIInterfaceOrientationLandscapeLeft UIInterfaceOrientationLandscapeRight";
				INFOPLIST_KEY_UISupportedInterfaceOrientations_iPhone = "UIInterfaceOrientationPortrait UIInterfaceOrientationLandscapeLeft UIInterfaceOrientationLandscapeRight";
				IPHONEOS_DEPLOYMENT_TARGET = 13.0;
				LD_RUNPATH_SEARCH_PATHS = (
					"$(inherited)",
					"@executable_path/Frameworks",
				);
				MARKETING_VERSION = 1.0;
				PRODUCT_BUNDLE_IDENTIFIER = aksum.panikulshinPW2;
				PRODUCT_NAME = "$(TARGET_NAME)";
				SWIFT_EMIT_LOC_STRINGS = YES;
				SWIFT_VERSION = 5.0;
				TARGETED_DEVICE_FAMILY = "1,2";
			};
			name = Release;
		};
		B90006762ACC9CE5007EDB24 /* Debug */ = {
			isa = XCBuildConfiguration;
			buildSettings = {
				ALWAYS_EMBED_SWIFT_STANDARD_LIBRARIES = YES;
				BUNDLE_LOADER = "$(TEST_HOST)";
				CODE_SIGN_STYLE = Automatic;
				CURRENT_PROJECT_VERSION = 1;
				GENERATE_INFOPLIST_FILE = YES;
				IPHONEOS_DEPLOYMENT_TARGET = 16.4;
				MARKETING_VERSION = 1.0;
				PRODUCT_BUNDLE_IDENTIFIER = aksum.panikulshinPW2Tests;
				PRODUCT_NAME = "$(TARGET_NAME)";
				SWIFT_EMIT_LOC_STRINGS = NO;
				SWIFT_VERSION = 5.0;
				TARGETED_DEVICE_FAMILY = "1,2";
				TEST_HOST = "$(BUILT_PRODUCTS_DIR)/panikulshinPW2.app/$(BUNDLE_EXECUTABLE_FOLDER_PATH)/panikulshinPW2";
			};
			name = Debug;
		};
		B90006772ACC9CE5007EDB24 /* Release */ = {
			isa = XCBuildConfiguration;
			buildSettings = {
				ALWAYS_EMBED_SWIFT_STANDARD_LIBRARIES = YES;
				BUNDLE_LOADER = "$(TEST_HOST)";
				CODE_SIGN_STYLE = Automatic;
				CURRENT_PROJECT_VERSION = 1;
				GENERATE_INFOPLIST_FILE = YES;
				IPHONEOS_DEPLOYMENT_TARGET = 16.4;
				MARKETING_VERSION = 1.0;
				PRODUCT_BUNDLE_IDENTIFIER = aksum.panikulshinPW2Tests;
				PRODUCT_NAME = "$(TARGET_NAME)";
				SWIFT_EMIT_LOC_STRINGS = NO;
				SWIFT_VERSION = 5.0;
				TARGETED_DEVICE_FAMILY = "1,2";
				TEST_HOST = "$(BUILT_PRODUCTS_DIR)/panikulshinPW2.app/$(BUNDLE_EXECUTABLE_FOLDER_PATH)/panikulshinPW2";
			};
			name = Release;
		};
		B90006792ACC9CE5007EDB24 /* Debug */ = {
			isa = XCBuildConfiguration;
			buildSettings = {
				ALWAYS_EMBED_SWIFT_STANDARD_LIBRARIES = YES;
				CODE_SIGN_STYLE = Automatic;
				CURRENT_PROJECT_VERSION = 1;
				GENERATE_INFOPLIST_FILE = YES;
				MARKETING_VERSION = 1.0;
				PRODUCT_BUNDLE_IDENTIFIER = aksum.panikulshinPW2UITests;
				PRODUCT_NAME = "$(TARGET_NAME)";
				SWIFT_EMIT_LOC_STRINGS = NO;
				SWIFT_VERSION = 5.0;
				TARGETED_DEVICE_FAMILY = "1,2";
				TEST_TARGET_NAME = panikulshinPW2;
			};
			name = Debug;
		};
		B900067A2ACC9CE5007EDB24 /* Release */ = {
			isa = XCBuildConfiguration;
			buildSettings = {
				ALWAYS_EMBED_SWIFT_STANDARD_LIBRARIES = YES;
				CODE_SIGN_STYLE = Automatic;
				CURRENT_PROJECT_VERSION = 1;
				GENERATE_INFOPLIST_FILE = YES;
				MARKETING_VERSION = 1.0;
				PRODUCT_BUNDLE_IDENTIFIER = aksum.panikulshinPW2UITests;
				PRODUCT_NAME = "$(TARGET_NAME)";
				SWIFT_EMIT_LOC_STRINGS = NO;
				SWIFT_VERSION = 5.0;
				TARGETED_DEVICE_FAMILY = "1,2";
				TEST_TARGET_NAME = panikulshinPW2;
			};
			name = Release;
		};
/* End XCBuildConfiguration section */

/* Begin XCConfigurationList section */
		B90006432ACC9CE3007EDB24 /* Build configuration list for PBXProject "panikulshinPW2" */ = {
			isa = XCConfigurationList;
			buildConfigurations = (
				B90006702ACC9CE5007EDB24 /* Debug */,
				B90006712ACC9CE5007EDB24 /* Release */,
			);
			defaultConfigurationIsVisible = 0;
			defaultConfigurationName = Release;
		};
		B90006722ACC9CE5007EDB24 /* Build configuration list for PBXNativeTarget "panikulshinPW2" */ = {
			isa = XCConfigurationList;
			buildConfigurations = (
				B90006732ACC9CE5007EDB24 /* Debug */,
				B90006742ACC9CE5007EDB24 /* Release */,
			);
			defaultConfigurationIsVisible = 0;
			defaultConfigurationName = Release;
		};
		B90006752ACC9CE5007EDB24 /* Build configuration list for PBXNativeTarget "panikulshinPW2Tests" */ = {
			isa = XCConfigurationList;
			buildConfigurations = (
				B90006762ACC9CE5007EDB24 /* Debug */,
				B90006772ACC9CE5007EDB24 /* Release */,
			);
			defaultConfigurationIsVisible = 0;
			defaultConfigurationName = Release;
		};
		B90006782ACC9CE5007EDB24 /* Build configuration list for PBXNativeTarget "panikulshinPW2UITests" */ = {
			isa = XCConfigurationList;
			buildConfigurations = (
				B90006792ACC9CE5007EDB24 /* Debug */,
				B900067A2ACC9CE5007EDB24 /* Release */,
			);
			defaultConfigurationIsVisible = 0;
			defaultConfigurationName = Release;
		};
/* End XCConfigurationList section */
	};
	rootObject = B90006402ACC9CE3007EDB24 /* Project object */;
}
